{
  "requires": true,
  "lockfileVersion": 1,
  "dependencies": {
    "soundjs": {
      "version": "1.0.1",
      "resolved": "https://registry.npmjs.org/soundjs/-/soundjs-1.0.1.tgz",
      "integrity": "sha512-MgFPvmKYfpcNiE3X5XybNvScie3DMQlZgmNzUn4puBcpw64f4LqjH/fhM8Sb/eTJ8hK57Crr7mWy0bfJOqPj6Q=="
    }
  }
}
